// !$*UTF8*$!
{
	archiveVersion = 1;
	classes = {
	};
	objectVersion = 56;
	objects = {

/* Begin PBXBuildFile section */
		2800AE602B8AABDF00BEFD51 /* MovieData.swift in Sources */ = {isa = PBXBuildFile; fileRef = 2800AE5F2B8AABDF00BEFD51 /* MovieData.swift */; };
		2800AE632B8AB46100BEFD51 /* MasterView.swift in Sources */ = {isa = PBXBuildFile; fileRef = 2800AE622B8AB46100BEFD51 /* MasterView.swift */; };
		2800AE672B8BEF0600BEFD51 /* singleMovieRow.swift in Sources */ = {isa = PBXBuildFile; fileRef = 2800AE662B8BEF0600BEFD51 /* singleMovieRow.swift */; };
		2800AE692B8C09DE00BEFD51 /* SingleMovieDetail.swift in Sources */ = {isa = PBXBuildFile; fileRef = 2800AE682B8C09DE00BEFD51 /* SingleMovieDetail.swift */; };
		2851ADBA2B8A7F4B008FFBB8 /* MovieListAppApp.swift in Sources */ = {isa = PBXBuildFile; fileRef = 2851ADB92B8A7F4B008FFBB8 /* MovieListAppApp.swift */; };
		2851ADBC2B8A7F4B008FFBB8 /* TableView.swift in Sources */ = {isa = PBXBuildFile; fileRef = 2851ADBB2B8A7F4B008FFBB8 /* TableView.swift */; };
		2851ADBE2B8A7F4D008FFBB8 /* Assets.xcassets in Resources */ = {isa = PBXBuildFile; fileRef = 2851ADBD2B8A7F4D008FFBB8 /* Assets.xcassets */; };
		2851ADC22B8A7F4D008FFBB8 /* Preview Assets.xcassets in Resources */ = {isa = PBXBuildFile; fileRef = 2851ADC12B8A7F4D008FFBB8 /* Preview Assets.xcassets */; };
		2851ADCC2B8A7F4D008FFBB8 /* MovieListAppTests.swift in Sources */ = {isa = PBXBuildFile; fileRef = 2851ADCB2B8A7F4D008FFBB8 /* MovieListAppTests.swift */; };
		2851ADD62B8A7F4D008FFBB8 /* MovieListAppUITests.swift in Sources */ = {isa = PBXBuildFile; fileRef = 2851ADD52B8A7F4D008FFBB8 /* MovieListAppUITests.swift */; };
		2851ADD82B8A7F4D008FFBB8 /* MovieListAppUITestsLaunchTests.swift in Sources */ = {isa = PBXBuildFile; fileRef = 2851ADD72B8A7F4D008FFBB8 /* MovieListAppUITestsLaunchTests.swift */; };
		2851ADE62B8A80B1008FFBB8 /* MovieModels.swift in Sources */ = {isa = PBXBuildFile; fileRef = 2851ADE52B8A80B1008FFBB8 /* MovieModels.swift */; };
		289D1ECF2B8CDEAB00588181 /* TableGrids.swift in Sources */ = {isa = PBXBuildFile; fileRef = 289D1ECE2B8CDEAB00588181 /* TableGrids.swift */; };
		289D1ED42B8CE8A900588181 /* DetailViewBackButton.swift in Sources */ = {isa = PBXBuildFile; fileRef = 289D1ED32B8CE8A900588181 /* DetailViewBackButton.swift */; };
/* End PBXBuildFile section */

/* Begin PBXContainerItemProxy section */
		2851ADC82B8A7F4D008FFBB8 /* PBXContainerItemProxy */ = {
			isa = PBXContainerItemProxy;
			containerPortal = 2851ADAE2B8A7F4B008FFBB8 /* Project object */;
			proxyType = 1;
			remoteGlobalIDString = 2851ADB52B8A7F4B008FFBB8;
			remoteInfo = MovieListApp;
		};
		2851ADD22B8A7F4D008FFBB8 /* PBXContainerItemProxy */ = {
			isa = PBXContainerItemProxy;
			containerPortal = 2851ADAE2B8A7F4B008FFBB8 /* Project object */;
			proxyType = 1;
			remoteGlobalIDString = 2851ADB52B8A7F4B008FFBB8;
			remoteInfo = MovieListApp;
		};
/* End PBXContainerItemProxy section */

/* Begin PBXFileReference section */
		2800AE5F2B8AABDF00BEFD51 /* MovieData.swift */ = {isa = PBXFileReference; lastKnownFileType = sourcecode.swift; path = MovieData.swift; sourceTree = "<group>"; };
		2800AE622B8AB46100BEFD51 /* MasterView.swift */ = {isa = PBXFileReference; lastKnownFileType = sourcecode.swift; path = MasterView.swift; sourceTree = "<group>"; };
		2800AE662B8BEF0600BEFD51 /* singleMovieRow.swift */ = {isa = PBXFileReference; lastKnownFileType = sourcecode.swift; path = singleMovieRow.swift; sourceTree = "<group>"; };
		2800AE682B8C09DE00BEFD51 /* SingleMovieDetail.swift */ = {isa = PBXFileReference; lastKnownFileType = sourcecode.swift; path = SingleMovieDetail.swift; sourceTree = "<group>"; };
		2851ADB62B8A7F4B008FFBB8 /* MovieListApp.app */ = {isa = PBXFileReference; explicitFileType = wrapper.application; includeInIndex = 0; path = MovieListApp.app; sourceTree = BUILT_PRODUCTS_DIR; };
		2851ADB92B8A7F4B008FFBB8 /* MovieListAppApp.swift */ = {isa = PBXFileReference; lastKnownFileType = sourcecode.swift; path = MovieListAppApp.swift; sourceTree = "<group>"; };
		2851ADBB2B8A7F4B008FFBB8 /* TableView.swift */ = {isa = PBXFileReference; lastKnownFileType = sourcecode.swift; path = TableView.swift; sourceTree = "<group>"; };
		2851ADBD2B8A7F4D008FFBB8 /* Assets.xcassets */ = {isa = PBXFileReference; lastKnownFileType = folder.assetcatalog; path = Assets.xcassets; sourceTree = "<group>"; };
		2851ADBF2B8A7F4D008FFBB8 /* MovieListApp.entitlements */ = {isa = PBXFileReference; lastKnownFileType = text.plist.entitlements; path = MovieListApp.entitlements; sourceTree = "<group>"; };
		2851ADC12B8A7F4D008FFBB8 /* Preview Assets.xcassets */ = {isa = PBXFileReference; lastKnownFileType = folder.assetcatalog; path = "Preview Assets.xcassets"; sourceTree = "<group>"; };
		2851ADC72B8A7F4D008FFBB8 /* MovieListAppTests.xctest */ = {isa = PBXFileReference; explicitFileType = wrapper.cfbundle; includeInIndex = 0; path = MovieListAppTests.xctest; sourceTree = BUILT_PRODUCTS_DIR; };
		2851ADCB2B8A7F4D008FFBB8 /* MovieListAppTests.swift */ = {isa = PBXFileReference; lastKnownFileType = sourcecode.swift; path = MovieListAppTests.swift; sourceTree = "<group>"; };
		2851ADD12B8A7F4D008FFBB8 /* MovieListAppUITests.xctest */ = {isa = PBXFileReference; explicitFileType = wrapper.cfbundle; includeInIndex = 0; path = MovieListAppUITests.xctest; sourceTree = BUILT_PRODUCTS_DIR; };
		2851ADD52B8A7F4D008FFBB8 /* MovieListAppUITests.swift */ = {isa = PBXFileReference; lastKnownFileType = sourcecode.swift; path = MovieListAppUITests.swift; sourceTree = "<group>"; };
		2851ADD72B8A7F4D008FFBB8 /* MovieListAppUITestsLaunchTests.swift */ = {isa = PBXFileReference; lastKnownFileType = sourcecode.swift; path = MovieListAppUITestsLaunchTests.swift; sourceTree = "<group>"; };
		2851ADE52B8A80B1008FFBB8 /* MovieModels.swift */ = {isa = PBXFileReference; lastKnownFileType = sourcecode.swift; path = MovieModels.swift; sourceTree = "<group>"; };
		289D1ECE2B8CDEAB00588181 /* TableGrids.swift */ = {isa = PBXFileReference; lastKnownFileType = sourcecode.swift; path = TableGrids.swift; sourceTree = "<group>"; };
		289D1ED32B8CE8A900588181 /* DetailViewBackButton.swift */ = {isa = PBXFileReference; lastKnownFileType = sourcecode.swift; path = DetailViewBackButton.swift; sourceTree = "<group>"; };
/* End PBXFileReference section */

/* Begin PBXFrameworksBuildPhase section */
		2851ADB32B8A7F4B008FFBB8 /* Frameworks */ = {
			isa = PBXFrameworksBuildPhase;
			buildActionMask = 2147483647;
			files = (
			);
			runOnlyForDeploymentPostprocessing = 0;
		};
		2851ADC42B8A7F4D008FFBB8 /* Frameworks */ = {
			isa = PBXFrameworksBuildPhase;
			buildActionMask = 2147483647;
			files = (
			);
			runOnlyForDeploymentPostprocessing = 0;
		};
		2851ADCE2B8A7F4D008FFBB8 /* Frameworks */ = {
			isa = PBXFrameworksBuildPhase;
			buildActionMask = 2147483647;
			files = (
			);
			runOnlyForDeploymentPostprocessing = 0;
		};
/* End PBXFrameworksBuildPhase section */

/* Begin PBXGroup section */
		2800AE612B8AB44800BEFD51 /* Views */ = {
			isa = PBXGroup;
			children = (
				289D1ED22B8CE87400588181 /* MovieDetailComponents */,
				289D1ED12B8CE86000588181 /* TableViewComponents */,
				289D1ED02B8CE84500588181 /* MasterViewComponents */,
			);
			path = Views;
			sourceTree = "<group>";
		};
		2851ADAD2B8A7F4B008FFBB8 = {
			isa = PBXGroup;
			children = (
				2851ADB82B8A7F4B008FFBB8 /* MovieListApp */,
				2851ADCA2B8A7F4D008FFBB8 /* MovieListAppTests */,
				2851ADD42B8A7F4D008FFBB8 /* MovieListAppUITests */,
				2851ADB72B8A7F4B008FFBB8 /* Products */,
			);
			sourceTree = "<group>";
		};
		2851ADB72B8A7F4B008FFBB8 /* Products */ = {
			isa = PBXGroup;
			children = (
				2851ADB62B8A7F4B008FFBB8 /* MovieListApp.app */,
				2851ADC72B8A7F4D008FFBB8 /* MovieListAppTests.xctest */,
				2851ADD12B8A7F4D008FFBB8 /* MovieListAppUITests.xctest */,
			);
			name = Products;
			sourceTree = "<group>";
		};
		2851ADB82B8A7F4B008FFBB8 /* MovieListApp */ = {
			isa = PBXGroup;
			children = (
				2800AE612B8AB44800BEFD51 /* Views */,
				2851ADE42B8A8091008FFBB8 /* Models */,
				2851ADB92B8A7F4B008FFBB8 /* MovieListAppApp.swift */,
				2851ADBD2B8A7F4D008FFBB8 /* Assets.xcassets */,
				2851ADBF2B8A7F4D008FFBB8 /* MovieListApp.entitlements */,
				2851ADC02B8A7F4D008FFBB8 /* Preview Content */,
			);
			path = MovieListApp;
			sourceTree = "<group>";
		};
		2851ADC02B8A7F4D008FFBB8 /* Preview Content */ = {
			isa = PBXGroup;
			children = (
				2851ADC12B8A7F4D008FFBB8 /* Preview Assets.xcassets */,
			);
			path = "Preview Content";
			sourceTree = "<group>";
		};
		2851ADCA2B8A7F4D008FFBB8 /* MovieListAppTests */ = {
			isa = PBXGroup;
			children = (
				2851ADCB2B8A7F4D008FFBB8 /* MovieListAppTests.swift */,
			);
			path = MovieListAppTests;
			sourceTree = "<group>";
		};
		2851ADD42B8A7F4D008FFBB8 /* MovieListAppUITests */ = {
			isa = PBXGroup;
			children = (
				2851ADD52B8A7F4D008FFBB8 /* MovieListAppUITests.swift */,
				2851ADD72B8A7F4D008FFBB8 /* MovieListAppUITestsLaunchTests.swift */,
			);
			path = MovieListAppUITests;
			sourceTree = "<group>";
		};
		2851ADE42B8A8091008FFBB8 /* Models */ = {
			isa = PBXGroup;
			children = (
				2851ADE52B8A80B1008FFBB8 /* MovieModels.swift */,
				2800AE5F2B8AABDF00BEFD51 /* MovieData.swift */,
			);
			path = Models;
			sourceTree = "<group>";
		};
		289D1ED02B8CE84500588181 /* MasterViewComponents */ = {
			isa = PBXGroup;
			children = (
				2800AE622B8AB46100BEFD51 /* MasterView.swift */,
				2800AE662B8BEF0600BEFD51 /* singleMovieRow.swift */,
			);
			path = MasterViewComponents;
			sourceTree = "<group>";
		};
		289D1ED12B8CE86000588181 /* TableViewComponents */ = {
			isa = PBXGroup;
			children = (
				2851ADBB2B8A7F4B008FFBB8 /* TableView.swift */,
				289D1ECE2B8CDEAB00588181 /* TableGrids.swift */,
			);
			path = TableViewComponents;
			sourceTree = "<group>";
		};
		289D1ED22B8CE87400588181 /* MovieDetailComponents */ = {
			isa = PBXGroup;
			children = (
				2800AE682B8C09DE00BEFD51 /* SingleMovieDetail.swift */,
				289D1ED32B8CE8A900588181 /* DetailViewBackButton.swift */,
			);
			path = MovieDetailComponents;
			sourceTree = "<group>";
		};
/* End PBXGroup section */

/* Begin PBXNativeTarget section */
		2851ADB52B8A7F4B008FFBB8 /* MovieListApp */ = {
			isa = PBXNativeTarget;
			buildConfigurationList = 2851ADDB2B8A7F4D008FFBB8 /* Build configuration list for PBXNativeTarget "MovieListApp" */;
			buildPhases = (
				2851ADB22B8A7F4B008FFBB8 /* Sources */,
				2851ADB32B8A7F4B008FFBB8 /* Frameworks */,
				2851ADB42B8A7F4B008FFBB8 /* Resources */,
			);
			buildRules = (
			);
			dependencies = (
			);
			name = MovieListApp;
			productName = MovieListApp;
			productReference = 2851ADB62B8A7F4B008FFBB8 /* MovieListApp.app */;
			productType = "com.apple.product-type.application";
		};
		2851ADC62B8A7F4D008FFBB8 /* MovieListAppTests */ = {
			isa = PBXNativeTarget;
			buildConfigurationList = 2851ADDE2B8A7F4D008FFBB8 /* Build configuration list for PBXNativeTarget "MovieListAppTests" */;
			buildPhases = (
				2851ADC32B8A7F4D008FFBB8 /* Sources */,
				2851ADC42B8A7F4D008FFBB8 /* Frameworks */,
				2851ADC52B8A7F4D008FFBB8 /* Resources */,
			);
			buildRules = (
			);
			dependencies = (
				2851ADC92B8A7F4D008FFBB8 /* PBXTargetDependency */,
			);
			name = MovieListAppTests;
			productName = MovieListAppTests;
			productReference = 2851ADC72B8A7F4D008FFBB8 /* MovieListAppTests.xctest */;
			productType = "com.apple.product-type.bundle.unit-test";
		};
		2851ADD02B8A7F4D008FFBB8 /* MovieListAppUITests */ = {
			isa = PBXNativeTarget;
			buildConfigurationList = 2851ADE12B8A7F4D008FFBB8 /* Build configuration list for PBXNativeTarget "MovieListAppUITests" */;
			buildPhases = (
				2851ADCD2B8A7F4D008FFBB8 /* Sources */,
				2851ADCE2B8A7F4D008FFBB8 /* Frameworks */,
				2851ADCF2B8A7F4D008FFBB8 /* Resources */,
			);
			buildRules = (
			);
			dependencies = (
				2851ADD32B8A7F4D008FFBB8 /* PBXTargetDependency */,
			);
			name = MovieListAppUITests;
			productName = MovieListAppUITests;
			productReference = 2851ADD12B8A7F4D008FFBB8 /* MovieListAppUITests.xctest */;
			productType = "com.apple.product-type.bundle.ui-testing";
		};
/* End PBXNativeTarget section */

/* Begin PBXProject section */
		2851ADAE2B8A7F4B008FFBB8 /* Project object */ = {
			isa = PBXProject;
			attributes = {
				BuildIndependentTargetsInParallel = 1;
				LastSwiftUpdateCheck = 1520;
				LastUpgradeCheck = 1520;
				TargetAttributes = {
					2851ADB52B8A7F4B008FFBB8 = {
						CreatedOnToolsVersion = 15.2;
					};
					2851ADC62B8A7F4D008FFBB8 = {
						CreatedOnToolsVersion = 15.2;
						TestTargetID = 2851ADB52B8A7F4B008FFBB8;
					};
					2851ADD02B8A7F4D008FFBB8 = {
						CreatedOnToolsVersion = 15.2;
						TestTargetID = 2851ADB52B8A7F4B008FFBB8;
					};
				};
			};
			buildConfigurationList = 2851ADB12B8A7F4B008FFBB8 /* Build configuration list for PBXProject "MovieListApp" */;
			compatibilityVersion = "Xcode 14.0";
			developmentRegion = en;
			hasScannedForEncodings = 0;
			knownRegions = (
				en,
				Base,
			);
			mainGroup = 2851ADAD2B8A7F4B008FFBB8;
			productRefGroup = 2851ADB72B8A7F4B008FFBB8 /* Products */;
			projectDirPath = "";
			projectRoot = "";
			targets = (
				2851ADB52B8A7F4B008FFBB8 /* MovieListApp */,
				2851ADC62B8A7F4D008FFBB8 /* MovieListAppTests */,
				2851ADD02B8A7F4D008FFBB8 /* MovieListAppUITests */,
			);
		};
/* End PBXProject section */

/* Begin PBXResourcesBuildPhase section */
		2851ADB42B8A7F4B008FFBB8 /* Resources */ = {
			isa = PBXResourcesBuildPhase;
			buildActionMask = 2147483647;
			files = (
				2851ADC22B8A7F4D008FFBB8 /* Preview Assets.xcassets in Resources */,
				2851ADBE2B8A7F4D008FFBB8 /* Assets.xcassets in Resources */,
			);
			runOnlyForDeploymentPostprocessing = 0;
		};
		2851ADC52B8A7F4D008FFBB8 /* Resources */ = {
			isa = PBXResourcesBuildPhase;
			buildActionMask = 2147483647;
			files = (
			);
			runOnlyForDeploymentPostprocessing = 0;
		};
		2851ADCF2B8A7F4D008FFBB8 /* Resources */ = {
			isa = PBXResourcesBuildPhase;
			buildActionMask = 2147483647;
			files = (
			);
			runOnlyForDeploymentPostprocessing = 0;
		};
/* End PBXResourcesBuildPhase section */

/* Begin PBXSourcesBuildPhase section */
		2851ADB22B8A7F4B008FFBB8 /* Sources */ = {
			isa = PBXSourcesBuildPhase;
			buildActionMask = 2147483647;
			files = (
				289D1ED42B8CE8A900588181 /* DetailViewBackButton.swift in Sources */,
				2800AE602B8AABDF00BEFD51 /* MovieData.swift in Sources */,
				289D1ECF2B8CDEAB00588181 /* TableGrids.swift in Sources */,
				2800AE672B8BEF0600BEFD51 /* singleMovieRow.swift in Sources */,
				2851ADBC2B8A7F4B008FFBB8 /* TableView.swift in Sources */,
				2851ADBA2B8A7F4B008FFBB8 /* MovieListAppApp.swift in Sources */,
				2800AE632B8AB46100BEFD51 /* MasterView.swift in Sources */,
				2851ADE62B8A80B1008FFBB8 /* MovieModels.swift in Sources */,
				2800AE692B8C09DE00BEFD51 /* SingleMovieDetail.swift in Sources */,
			);
			runOnlyForDeploymentPostprocessing = 0;
		};
		2851ADC32B8A7F4D008FFBB8 /* Sources */ = {
			isa = PBXSourcesBuildPhase;
			buildActionMask = 2147483647;
			files = (
				2851ADCC2B8A7F4D008FFBB8 /* MovieListAppTests.swift in Sources */,
			);
			runOnlyForDeploymentPostprocessing = 0;
		};
		2851ADCD2B8A7F4D008FFBB8 /* Sources */ = {
			isa = PBXSourcesBuildPhase;
			buildActionMask = 2147483647;
			files = (
				2851ADD62B8A7F4D008FFBB8 /* MovieListAppUITests.swift in Sources */,
				2851ADD82B8A7F4D008FFBB8 /* MovieListAppUITestsLaunchTests.swift in Sources */,
			);
			runOnlyForDeploymentPostprocessing = 0;
		};
/* End PBXSourcesBuildPhase section */

/* Begin PBXTargetDependency section */
		2851ADC92B8A7F4D008FFBB8 /* PBXTargetDependency */ = {
			isa = PBXTargetDependency;
			target = 2851ADB52B8A7F4B008FFBB8 /* MovieListApp */;
			targetProxy = 2851ADC82B8A7F4D008FFBB8 /* PBXContainerItemProxy */;
		};
		2851ADD32B8A7F4D008FFBB8 /* PBXTargetDependency */ = {
			isa = PBXTargetDependency;
			target = 2851ADB52B8A7F4B008FFBB8 /* MovieListApp */;
			targetProxy = 2851ADD22B8A7F4D008FFBB8 /* PBXContainerItemProxy */;
		};
/* End PBXTargetDependency section */

/* Begin XCBuildConfiguration section */
		2851ADD92B8A7F4D008FFBB8 /* Debug */ = {
			isa = XCBuildConfiguration;
			buildSettings = {
				ALWAYS_SEARCH_USER_PATHS = NO;
				ASSETCATALOG_COMPILER_GENERATE_SWIFT_ASSET_SYMBOL_EXTENSIONS = YES;
				CLANG_ANALYZER_NONNULL = YES;
				CLANG_ANALYZER_NUMBER_OBJECT_CONVERSION = YES_AGGRESSIVE;
				CLANG_CXX_LANGUAGE_STANDARD = "gnu++20";
				CLANG_ENABLE_MODULES = YES;
				CLANG_ENABLE_OBJC_ARC = YES;
				CLANG_ENABLE_OBJC_WEAK = YES;
				CLANG_WARN_BLOCK_CAPTURE_AUTORELEASING = YES;
				CLANG_WARN_BOOL_CONVERSION = YES;
				CLANG_WARN_COMMA = YES;
				CLANG_WARN_CONSTANT_CONVERSION = YES;
				CLANG_WARN_DEPRECATED_OBJC_IMPLEMENTATIONS = YES;
				CLANG_WARN_DIRECT_OBJC_ISA_USAGE = YES_ERROR;
				CLANG_WARN_DOCUMENTATION_COMMENTS = YES;
				CLANG_WARN_EMPTY_BODY = YES;
				CLANG_WARN_ENUM_CONVERSION = YES;
				CLANG_WARN_INFINITE_RECURSION = YES;
				CLANG_WARN_INT_CONVERSION = YES;
				CLANG_WARN_NON_LITERAL_NULL_CONVERSION = YES;
				CLANG_WARN_OBJC_IMPLICIT_RETAIN_SELF = YES;
				CLANG_WARN_OBJC_LITERAL_CONVERSION = YES;
				CLANG_WARN_OBJC_ROOT_CLASS = YES_ERROR;
				CLANG_WARN_QUOTED_INCLUDE_IN_FRAMEWORK_HEADER = YES;
				CLANG_WARN_RANGE_LOOP_ANALYSIS = YES;
				CLANG_WARN_STRICT_PROTOTYPES = YES;
				CLANG_WARN_SUSPICIOUS_MOVE = YES;
				CLANG_WARN_UNGUARDED_AVAILABILITY = YES_AGGRESSIVE;
				CLANG_WARN_UNREACHABLE_CODE = YES;
				CLANG_WARN__DUPLICATE_METHOD_MATCH = YES;
				COPY_PHASE_STRIP = NO;
				DEBUG_INFORMATION_FORMAT = dwarf;
				ENABLE_STRICT_OBJC_MSGSEND = YES;
				ENABLE_TESTABILITY = YES;
				ENABLE_USER_SCRIPT_SANDBOXING = YES;
				GCC_C_LANGUAGE_STANDARD = gnu17;
				GCC_DYNAMIC_NO_PIC = NO;
				GCC_NO_COMMON_BLOCKS = YES;
				GCC_OPTIMIZATION_LEVEL = 0;
				GCC_PREPROCESSOR_DEFINITIONS = (
					"DEBUG=1",
					"$(inherited)",
				);
				GCC_WARN_64_TO_32_BIT_CONVERSION = YES;
				GCC_WARN_ABOUT_RETURN_TYPE = YES_ERROR;
				GCC_WARN_UNDECLARED_SELECTOR = YES;
				GCC_WARN_UNINITIALIZED_AUTOS = YES_AGGRESSIVE;
				GCC_WARN_UNUSED_FUNCTION = YES;
				GCC_WARN_UNUSED_VARIABLE = YES;
				LOCALIZATION_PREFERS_STRING_CATALOGS = YES;
				MTL_ENABLE_DEBUG_INFO = INCLUDE_SOURCE;
				MTL_FAST_MATH = YES;
				ONLY_ACTIVE_ARCH = YES;
				SWIFT_ACTIVE_COMPILATION_CONDITIONS = "DEBUG $(inherited)";
				SWIFT_OPTIMIZATION_LEVEL = "-Onone";
			};
			name = Debug;
		};
		2851ADDA2B8A7F4D008FFBB8 /* Release */ = {
			isa = XCBuildConfiguration;
			buildSettings = {
				ALWAYS_SEARCH_USER_PATHS = NO;
				ASSETCATALOG_COMPILER_GENERATE_SWIFT_ASSET_SYMBOL_EXTENSIONS = YES;
				CLANG_ANALYZER_NONNULL = YES;
				CLANG_ANALYZER_NUMBER_OBJECT_CONVERSION = YES_AGGRESSIVE;
				CLANG_CXX_LANGUAGE_STANDARD = "gnu++20";
				CLANG_ENABLE_MODULES = YES;
				CLANG_ENABLE_OBJC_ARC = YES;
				CLANG_ENABLE_OBJC_WEAK = YES;
				CLANG_WARN_BLOCK_CAPTURE_AUTORELEASING = YES;
				CLANG_WARN_BOOL_CONVERSION = YES;
				CLANG_WARN_COMMA = YES;
				CLANG_WARN_CONSTANT_CONVERSION = YES;
				CLANG_WARN_DEPRECATED_OBJC_IMPLEMENTATIONS = YES;
				CLANG_WARN_DIRECT_OBJC_ISA_USAGE = YES_ERROR;
				CLANG_WARN_DOCUMENTATION_COMMENTS = YES;
				CLANG_WARN_EMPTY_BODY = YES;
				CLANG_WARN_ENUM_CONVERSION = YES;
				CLANG_WARN_INFINITE_RECURSION = YES;
				CLANG_WARN_INT_CONVERSION = YES;
				CLANG_WARN_NON_LITERAL_NULL_CONVERSION = YES;
				CLANG_WARN_OBJC_IMPLICIT_RETAIN_SELF = YES;
				CLANG_WARN_OBJC_LITERAL_CONVERSION = YES;
				CLANG_WARN_OBJC_ROOT_CLASS = YES_ERROR;
				CLANG_WARN_QUOTED_INCLUDE_IN_FRAMEWORK_HEADER = YES;
				CLANG_WARN_RANGE_LOOP_ANALYSIS = YES;
				CLANG_WARN_STRICT_PROTOTYPES = YES;
				CLANG_WARN_SUSPICIOUS_MOVE = YES;
				CLANG_WARN_UNGUARDED_AVAILABILITY = YES_AGGRESSIVE;
				CLANG_WARN_UNREACHABLE_CODE = YES;
				CLANG_WARN__DUPLICATE_METHOD_MATCH = YES;
				COPY_PHASE_STRIP = NO;
				DEBUG_INFORMATION_FORMAT = "dwarf-with-dsym";
				ENABLE_NS_ASSERTIONS = NO;
				ENABLE_STRICT_OBJC_MSGSEND = YES;
				ENABLE_USER_SCRIPT_SANDBOXING = YES;
				GCC_C_LANGUAGE_STANDARD = gnu17;
				GCC_NO_COMMON_BLOCKS = YES;
				GCC_WARN_64_TO_32_BIT_CONVERSION = YES;
				GCC_WARN_ABOUT_RETURN_TYPE = YES_ERROR;
				GCC_WARN_UNDECLARED_SELECTOR = YES;
				GCC_WARN_UNINITIALIZED_AUTOS = YES_AGGRESSIVE;
				GCC_WARN_UNUSED_FUNCTION = YES;
				GCC_WARN_UNUSED_VARIABLE = YES;
				LOCALIZATION_PREFERS_STRING_CATALOGS = YES;
				MTL_ENABLE_DEBUG_INFO = NO;
				MTL_FAST_MATH = YES;
				SWIFT_COMPILATION_MODE = wholemodule;
			};
			name = Release;
		};
		2851ADDC2B8A7F4D008FFBB8 /* Debug */ = {
			isa = XCBuildConfiguration;
			buildSettings = {
				ASSETCATALOG_COMPILER_APPICON_NAME = AppIcon;
				ASSETCATALOG_COMPILER_GLOBAL_ACCENT_COLOR_NAME = AccentColor;
				CODE_SIGN_ENTITLEMENTS = MovieListApp/MovieListApp.entitlements;
				CODE_SIGN_STYLE = Automatic;
				CURRENT_PROJECT_VERSION = 1;
				DEVELOPMENT_ASSET_PATHS = "\"MovieListApp/Preview Content\"";
				ENABLE_PREVIEWS = YES;
				GENERATE_INFOPLIST_FILE = YES;
				"INFOPLIST_KEY_UIApplicationSceneManifest_Generation[sdk=iphoneos*]" = YES;
				"INFOPLIST_KEY_UIApplicationSceneManifest_Generation[sdk=iphonesimulator*]" = YES;
				"INFOPLIST_KEY_UIApplicationSupportsIndirectInputEvents[sdk=iphoneos*]" = YES;
				"INFOPLIST_KEY_UIApplicationSupportsIndirectInputEvents[sdk=iphonesimulator*]" = YES;
				"INFOPLIST_KEY_UILaunchScreen_Generation[sdk=iphoneos*]" = YES;
				"INFOPLIST_KEY_UILaunchScreen_Generation[sdk=iphonesimulator*]" = YES;
				"INFOPLIST_KEY_UIStatusBarStyle[sdk=iphoneos*]" = UIStatusBarStyleDefault;
				"INFOPLIST_KEY_UIStatusBarStyle[sdk=iphonesimulator*]" = UIStatusBarStyleDefault;
				INFOPLIST_KEY_UISupportedInterfaceOrientations_iPad = "UIInterfaceOrientationPortrait UIInterfaceOrientationPortraitUpsideDown UIInterfaceOrientationLandscapeLeft UIInterfaceOrientationLandscapeRight";
				INFOPLIST_KEY_UISupportedInterfaceOrientations_iPhone = "UIInterfaceOrientationPortrait UIInterfaceOrientationLandscapeLeft UIInterfaceOrientationLandscapeRight";
				IPHONEOS_DEPLOYMENT_TARGET = 17.2;
				LD_RUNPATH_SEARCH_PATHS = "@executable_path/Frameworks";
				"LD_RUNPATH_SEARCH_PATHS[sdk=macosx*]" = "@executable_path/../Frameworks";
				MACOSX_DEPLOYMENT_TARGET = 14.2;
				MARKETING_VERSION = 1.0;
				PRODUCT_BUNDLE_IDENTIFIER = L.A.Caelius.MovieListApp;
				PRODUCT_NAME = "$(TARGET_NAME)";
				SDKROOT = auto;
				SUPPORTED_PLATFORMS = "iphoneos iphonesimulator macosx";
				SWIFT_EMIT_LOC_STRINGS = YES;
				SWIFT_VERSION = 5.0;
				TARGETED_DEVICE_FAMILY = "1,2";
			};
			name = Debug;
		};
		2851ADDD2B8A7F4D008FFBB8 /* Release */ = {
			isa = XCBuildConfiguration;
			buildSettings = {
				ASSETCATALOG_COMPILER_APPICON_NAME = AppIcon;
				ASSETCATALOG_COMPILER_GLOBAL_ACCENT_COLOR_NAME = AccentColor;
				CODE_SIGN_ENTITLEMENTS = MovieListApp/MovieListApp.entitlements;
				CODE_SIGN_STYLE = Automatic;
				CURRENT_PROJECT_VERSION = 1;
				DEVELOPMENT_ASSET_PATHS = "\"MovieListApp/Preview Content\"";
				ENABLE_PREVIEWS = YES;
				GENERATE_INFOPLIST_FILE = YES;
				"INFOPLIST_KEY_UIApplicationSceneManifest_Generation[sdk=iphoneos*]" = YES;
				"INFOPLIST_KEY_UIApplicationSceneManifest_Generation[sdk=iphonesimulator*]" = YES;
				"INFOPLIST_KEY_UIApplicationSupportsIndirectInputEvents[sdk=iphoneos*]" = YES;
				"INFOPLIST_KEY_UIApplicationSupportsIndirectInputEvents[sdk=iphonesimulator*]" = YES;
				"INFOPLIST_KEY_UILaunchScreen_Generation[sdk=iphoneos*]" = YES;
				"INFOPLIST_KEY_UILaunchScreen_Generation[sdk=iphonesimulator*]" = YES;
				"INFOPLIST_KEY_UIStatusBarStyle[sdk=iphoneos*]" = UIStatusBarStyleDefault;
				"INFOPLIST_KEY_UIStatusBarStyle[sdk=iphonesimulator*]" = UIStatusBarStyleDefault;
				INFOPLIST_KEY_UISupportedInterfaceOrientations_iPad = "UIInterfaceOrientationPortrait UIInterfaceOrientationPortraitUpsideDown UIInterfaceOrientationLandscapeLeft UIInterfaceOrientationLandscapeRight";
				INFOPLIST_KEY_UISupportedInterfaceOrientations_iPhone = "UIInterfaceOrientationPortrait UIInterfaceOrientationLandscapeLeft UIInterfaceOrientationLandscapeRight";
				IPHONEOS_DEPLOYMENT_TARGET = 17.2;
				LD_RUNPATH_SEARCH_PATHS = "@executable_path/Frameworks";
				"LD_RUNPATH_SEARCH_PATHS[sdk=macosx*]" = "@executable_path/../Frameworks";
				MACOSX_DEPLOYMENT_TARGET = 14.2;
				MARKETING_VERSION = 1.0;
				PRODUCT_BUNDLE_IDENTIFIER = L.A.Caelius.MovieListApp;
				PRODUCT_NAME = "$(TARGET_NAME)";
				SDKROOT = auto;
				SUPPORTED_PLATFORMS = "iphoneos iphonesimulator macosx";
				SWIFT_EMIT_LOC_STRINGS = YES;
				SWIFT_VERSION = 5.0;
				TARGETED_DEVICE_FAMILY = "1,2";
			};
			name = Release;
		};
		2851ADDF2B8A7F4D008FFBB8 /* Debug */ = {
			isa = XCBuildConfiguration;
			buildSettings = {
				ALWAYS_EMBED_SWIFT_STANDARD_LIBRARIES = YES;
				BUNDLE_LOADER = "$(TEST_HOST)";
				CODE_SIGN_STYLE = Automatic;
				CURRENT_PROJECT_VERSION = 1;
				GENERATE_INFOPLIST_FILE = YES;
				IPHONEOS_DEPLOYMENT_TARGET = 17.2;
				MACOSX_DEPLOYMENT_TARGET = 14.2;
				MARKETING_VERSION = 1.0;
				PRODUCT_BUNDLE_IDENTIFIER = L.A.Caelius.MovieListAppTests;
				PRODUCT_NAME = "$(TARGET_NAME)";
				SDKROOT = auto;
				SUPPORTED_PLATFORMS = "iphoneos iphonesimulator macosx";
				SWIFT_EMIT_LOC_STRINGS = NO;
				SWIFT_VERSION = 5.0;
				TARGETED_DEVICE_FAMILY = "1,2";
				TEST_HOST = "$(BUILT_PRODUCTS_DIR)/MovieListApp.app/$(BUNDLE_EXECUTABLE_FOLDER_PATH)/MovieListApp";
			};
			name = Debug;
		};
		2851ADE02B8A7F4D008FFBB8 /* Release */ = {
			isa = XCBuildConfiguration;
			buildSettings = {
				ALWAYS_EMBED_SWIFT_STANDARD_LIBRARIES = YES;
				BUNDLE_LOADER = "$(TEST_HOST)";
				CODE_SIGN_STYLE = Automatic;
				CURRENT_PROJECT_VERSION = 1;
				GENERATE_INFOPLIST_FILE = YES;
				IPHONEOS_DEPLOYMENT_TARGET = 17.2;
				MACOSX_DEPLOYMENT_TARGET = 14.2;
				MARKETING_VERSION = 1.0;
				PRODUCT_BUNDLE_IDENTIFIER = L.A.Caelius.MovieListAppTests;
				PRODUCT_NAME = "$(TARGET_NAME)";
				SDKROOT = auto;
				SUPPORTED_PLATFORMS = "iphoneos iphonesimulator macosx";
				SWIFT_EMIT_LOC_STRINGS = NO;
				SWIFT_VERSION = 5.0;
				TARGETED_DEVICE_FAMILY = "1,2";
				TEST_HOST = "$(BUILT_PRODUCTS_DIR)/MovieListApp.app/$(BUNDLE_EXECUTABLE_FOLDER_PATH)/MovieListApp";
			};
			name = Release;
		};
		2851ADE22B8A7F4D008FFBB8 /* Debug */ = {
			isa = XCBuildConfiguration;
			buildSettings = {
				ALWAYS_EMBED_SWIFT_STANDARD_LIBRARIES = YES;
				CODE_SIGN_STYLE = Automatic;
				CURRENT_PROJECT_VERSION = 1;
				GENERATE_INFOPLIST_FILE = YES;
				IPHONEOS_DEPLOYMENT_TARGET = 17.2;
				MACOSX_DEPLOYMENT_TARGET = 14.2;
				MARKETING_VERSION = 1.0;
				PRODUCT_BUNDLE_IDENTIFIER = L.A.Caelius.MovieListAppUITests;
				PRODUCT_NAME = "$(TARGET_NAME)";
				SDKROOT = auto;
				SUPPORTED_PLATFORMS = "iphoneos iphonesimulator macosx";
				SWIFT_EMIT_LOC_STRINGS = NO;
				SWIFT_VERSION = 5.0;
				TARGETED_DEVICE_FAMILY = "1,2";
				TEST_TARGET_NAME = MovieListApp;
			};
			name = Debug;
		};
		2851ADE32B8A7F4D008FFBB8 /* Release */ = {
			isa = XCBuildConfiguration;
			buildSettings = {
				ALWAYS_EMBED_SWIFT_STANDARD_LIBRARIES = YES;
				CODE_SIGN_STYLE = Automatic;
				CURRENT_PROJECT_VERSION = 1;
				GENERATE_INFOPLIST_FILE = YES;
				IPHONEOS_DEPLOYMENT_TARGET = 17.2;
				MACOSX_DEPLOYMENT_TARGET = 14.2;
				MARKETING_VERSION = 1.0;
				PRODUCT_BUNDLE_IDENTIFIER = L.A.Caelius.MovieListAppUITests;
				PRODUCT_NAME = "$(TARGET_NAME)";
				SDKROOT = auto;
				SUPPORTED_PLATFORMS = "iphoneos iphonesimulator macosx";
				SWIFT_EMIT_LOC_STRINGS = NO;
				SWIFT_VERSION = 5.0;
				TARGETED_DEVICE_FAMILY = "1,2";
				TEST_TARGET_NAME = MovieListApp;
			};
			name = Release;
		};
/* End XCBuildConfiguration section */

/* Begin XCConfigurationList section */
		2851ADB12B8A7F4B008FFBB8 /* Build configuration list for PBXProject "MovieListApp" */ = {
			isa = XCConfigurationList;
			buildConfigurations = (
				2851ADD92B8A7F4D008FFBB8 /* Debug */,
				2851ADDA2B8A7F4D008FFBB8 /* Release */,
			);
			defaultConfigurationIsVisible = 0;
			defaultConfigurationName = Release;
		};
		2851ADDB2B8A7F4D008FFBB8 /* Build configuration list for PBXNativeTarget "MovieListApp" */ = {
			isa = XCConfigurationList;
			buildConfigurations = (
				2851ADDC2B8A7F4D008FFBB8 /* Debug */,
				2851ADDD2B8A7F4D008FFBB8 /* Release */,
			);
			defaultConfigurationIsVisible = 0;
			defaultConfigurationName = Release;
		};
		2851ADDE2B8A7F4D008FFBB8 /* Build configuration list for PBXNativeTarget "MovieListAppTests" */ = {
			isa = XCConfigurationList;
			buildConfigurations = (
				2851ADDF2B8A7F4D008FFBB8 /* Debug */,
				2851ADE02B8A7F4D008FFBB8 /* Release */,
			);
			defaultConfigurationIsVisible = 0;
			defaultConfigurationName = Release;
		};
		2851ADE12B8A7F4D008FFBB8 /* Build configuration list for PBXNativeTarget "MovieListAppUITests" */ = {
			isa = XCConfigurationList;
			buildConfigurations = (
				2851ADE22B8A7F4D008FFBB8 /* Debug */,
				2851ADE32B8A7F4D008FFBB8 /* Release */,
			);
			defaultConfigurationIsVisible = 0;
			defaultConfigurationName = Release;
		};
/* End XCConfigurationList section */
	};
	rootObject = 2851ADAE2B8A7F4B008FFBB8 /* Project object */;
}
